
Microsoft Visual Studio Solution File, Format Version 12.00
# Visual Studio Version 17
VisualStudioVersion = 17.9.34723.18
MinimumVisualStudioVersion = 10.0.40219.1
Project("{FAE04EC0-301F-11D3-BF4B-00C04F79EFBC}") = "Gameboard", "Gameboard.csproj", "{820C61A4-E8D0-446B-B8EE-D954371F774A}"
EndProject
Global
	GlobalSection(SolutionConfigurationPlatforms) = preSolution
		Debug|Any CPU = Debug|Any CPU
		Release|Any CPU = Release|Any CPU
	EndGlobalSection
	GlobalSection(ProjectConfigurationPlatforms) = postSolution
		{820C61A4-E8D0-446B-B8EE-D954371F774A}.Debug|Any CPU.ActiveCfg = Debug|Any CPU
		{820C61A4-E8D0-446B-B8EE-D954371F774A}.Debug|Any CPU.Build.0 = Debug|Any CPU
		{820C61A4-E8D0-446B-B8EE-D954371F774A}.Release|Any CPU.ActiveCfg = Release|Any CPU
		{820C61A4-E8D0-446B-B8EE-D954371F774A}.Release|Any CPU.Build.0 = Release|Any CPU
	EndGlobalSection
	GlobalSection(SolutionProperties) = preSolution
		HideSolutionNode = FALSE
	EndGlobalSection
	GlobalSection(ExtensibilityGlobals) = postSolution
		SolutionGuid = {AAF9D3C9-1752-452F-A2D2-367A405FFBA1}
	EndGlobalSection
EndGlobal
